// !$*UTF8*$!
{
	archiveVersion = 1;
	classes = {
	};
	objectVersion = 48;
	objects = {

/* Begin PBXBuildFile section */
		DF18D3C322F5C2A6005DC333 /* NotificationType.m in Sources */ = {isa = PBXBuildFile; fileRef = DF18D3C222F5C2A6005DC333 /* NotificationType.m */; };
		DF1E6DFD22F0867500C191CA /* MobileLandingPageButton.m in Sources */ = {isa = PBXBuildFile; fileRef = DF1E6DF422F0867500C191CA /* MobileLandingPageButton.m */; };
		DF1E6DFE22F0867500C191CA /* MobileLandingPage.m in Sources */ = {isa = PBXBuildFile; fileRef = DF1E6DF722F0867500C191CA /* MobileLandingPage.m */; };
		DF1E6DFF22F0867500C191CA /* PurchaseItem.m in Sources */ = {isa = PBXBuildFile; fileRef = DF1E6DF822F0867500C191CA /* PurchaseItem.m */; };
		DF1E6E0022F0867500C191CA /* Appgain.m in Sources */ = {isa = PBXBuildFile; fileRef = DF1E6DF922F0867500C191CA /* Appgain.m */; };
		DF6958C12417009D00B0AE38 /* LocationManger.m in Sources */ = {isa = PBXBuildFile; fileRef = DF6958BF2417009D00B0AE38 /* LocationManger.m */; };
		DFFF36F622DE1E390071DF0B /* Info.plist in Resources */ = {isa = PBXBuildFile; fileRef = DFFF36F522DE1E390071DF0B /* Info.plist */; };
/* End PBXBuildFile section */

/* Begin PBXFileReference section */
		81B452192073A190006CF6B6 /* AppgainSDK.app */ = {isa = PBXFileReference; explicitFileType = wrapper.application; includeInIndex = 0; path = AppgainSDK.app; sourceTree = BUILT_PRODUCTS_DIR; };
		81B452332073A325006CF6B6 /* SmartDeepLink.m */ = {isa = PBXFileReference; lastKnownFileType = sourcecode.c.objc; path = SmartDeepLink.m; sourceTree = "<group>"; };
		81B452352073A325006CF6B6 /* SocialmediaSettings.h */ = {isa = PBXFileReference; lastKnownFileType = sourcecode.c.h; path = SocialmediaSettings.h; sourceTree = "<group>"; };
		81B452362073A325006CF6B6 /* NotificationStatus.m */ = {isa = PBXFileReference; lastKnownFileType = sourcecode.c.objc; path = NotificationStatus.m; sourceTree = "<group>"; };
		81B452372073A325006CF6B6 /* TargetPlatform.h */ = {isa = PBXFileReference; lastKnownFileType = sourcecode.c.h; path = TargetPlatform.h; sourceTree = "<group>"; };
		81B452382073A325006CF6B6 /* UrlData.h */ = {isa = PBXFileReference; lastKnownFileType = sourcecode.c.h; path = UrlData.h; sourceTree = "<group>"; };
		81B4523A2073A326006CF6B6 /* SocialmediaSettings.m */ = {isa = PBXFileReference; lastKnownFileType = sourcecode.c.objc; path = SocialmediaSettings.m; sourceTree = "<group>"; };
		81B4523B2073A326006CF6B6 /* TargetPlatform.m */ = {isa = PBXFileReference; lastKnownFileType = sourcecode.c.objc; path = TargetPlatform.m; sourceTree = "<group>"; };
		81B4523D2073A326006CF6B6 /* SdkKeys.m */ = {isa = PBXFileReference; lastKnownFileType = sourcecode.c.objc; path = SdkKeys.m; sourceTree = "<group>"; };
		81B4523F2073A327006CF6B6 /* ServiceLayer.m */ = {isa = PBXFileReference; lastKnownFileType = sourcecode.c.objc; path = ServiceLayer.m; sourceTree = "<group>"; };
		81B452412073A327006CF6B6 /* UrlData.m */ = {isa = PBXFileReference; lastKnownFileType = sourcecode.c.objc; path = UrlData.m; sourceTree = "<group>"; };
		81B452432073A327006CF6B6 /* SdkKeys.h */ = {isa = PBXFileReference; lastKnownFileType = sourcecode.c.h; path = SdkKeys.h; sourceTree = "<group>"; };
		81B452452073A328006CF6B6 /* NotificationStatus.h */ = {isa = PBXFileReference; lastKnownFileType = sourcecode.c.h; path = NotificationStatus.h; sourceTree = "<group>"; };
		81B452462073A328006CF6B6 /* ServiceLayer.h */ = {isa = PBXFileReference; lastKnownFileType = sourcecode.c.h; path = ServiceLayer.h; sourceTree = "<group>"; };
		81B452472073A328006CF6B6 /* SmartDeepLink.h */ = {isa = PBXFileReference; lastKnownFileType = sourcecode.c.h; path = SmartDeepLink.h; sourceTree = "<group>"; };
		DF18D3C122F5C2A6005DC333 /* NotificationType.h */ = {isa = PBXFileReference; fileEncoding = 4; lastKnownFileType = sourcecode.c.h; path = NotificationType.h; sourceTree = "<group>"; };
		DF18D3C222F5C2A6005DC333 /* NotificationType.m */ = {isa = PBXFileReference; fileEncoding = 4; lastKnownFileType = sourcecode.c.objc; path = NotificationType.m; sourceTree = "<group>"; };
		DF1E6DF422F0867500C191CA /* MobileLandingPageButton.m */ = {isa = PBXFileReference; fileEncoding = 4; lastKnownFileType = sourcecode.c.objc; path = MobileLandingPageButton.m; sourceTree = "<group>"; };
		DF1E6DF522F0867500C191CA /* MobileLandingPageButton.h */ = {isa = PBXFileReference; fileEncoding = 4; lastKnownFileType = sourcecode.c.h; path = MobileLandingPageButton.h; sourceTree = "<group>"; };
		DF1E6DF622F0867500C191CA /* DataModels.h */ = {isa = PBXFileReference; fileEncoding = 4; lastKnownFileType = sourcecode.c.h; path = DataModels.h; sourceTree = "<group>"; };
		DF1E6DF722F0867500C191CA /* MobileLandingPage.m */ = {isa = PBXFileReference; fileEncoding = 4; lastKnownFileType = sourcecode.c.objc; path = MobileLandingPage.m; sourceTree = "<group>"; };
		DF1E6DF822F0867500C191CA /* PurchaseItem.m */ = {isa = PBXFileReference; fileEncoding = 4; lastKnownFileType = sourcecode.c.objc; path = PurchaseItem.m; sourceTree = "<group>"; };
		DF1E6DF922F0867500C191CA /* Appgain.m */ = {isa = PBXFileReference; fileEncoding = 4; lastKnownFileType = sourcecode.c.objc; path = Appgain.m; sourceTree = "<group>"; };
		DF1E6DFA22F0867500C191CA /* Appgain.h */ = {isa = PBXFileReference; fileEncoding = 4; lastKnownFileType = sourcecode.c.h; path = Appgain.h; sourceTree = "<group>"; };
		DF1E6DFB22F0867500C191CA /* MobileLandingPage.h */ = {isa = PBXFileReference; fileEncoding = 4; lastKnownFileType = sourcecode.c.h; path = MobileLandingPage.h; sourceTree = "<group>"; };
		DF1E6DFC22F0867500C191CA /* PurchaseItem.h */ = {isa = PBXFileReference; fileEncoding = 4; lastKnownFileType = sourcecode.c.h; path = PurchaseItem.h; sourceTree = "<group>"; };
		DF32D1FB22AFDB0B0072D026 /* Appgain-Rich.podspec */ = {isa = PBXFileReference; fileEncoding = 4; lastKnownFileType = text; path = "Appgain-Rich.podspec"; sourceTree = "<group>"; };
		DF6958BF2417009D00B0AE38 /* LocationManger.m */ = {isa = PBXFileReference; fileEncoding = 4; lastKnownFileType = sourcecode.c.objc; path = LocationManger.m; sourceTree = "<group>"; };
		DF6958C02417009D00B0AE38 /* LocationManger.h */ = {isa = PBXFileReference; fileEncoding = 4; lastKnownFileType = sourcecode.c.h; path = LocationManger.h; sourceTree = "<group>"; };
		DF6A39F1219488EF0096F48B /* Appgain.podspec */ = {isa = PBXFileReference; fileEncoding = 4; lastKnownFileType = text; path = Appgain.podspec; sourceTree = SOURCE_ROOT; };
		DFE4DCFC22AC209C00C06CC7 /* AppgainRich.m */ = {isa = PBXFileReference; fileEncoding = 4; lastKnownFileType = sourcecode.c.objc; path = AppgainRich.m; sourceTree = "<group>"; };
		DFE4DCFD22AC209C00C06CC7 /* AppgainRich.h */ = {isa = PBXFileReference; fileEncoding = 4; lastKnownFileType = sourcecode.c.h; path = AppgainRich.h; sourceTree = "<group>"; };
		DFFF36F522DE1E390071DF0B /* Info.plist */ = {isa = PBXFileReference; fileEncoding = 4; lastKnownFileType = text.plist.xml; path = Info.plist; sourceTree = "<group>"; };
/* End PBXFileReference section */

/* Begin PBXFrameworksBuildPhase section */
		81B452162073A190006CF6B6 /* Frameworks */ = {
			isa = PBXFrameworksBuildPhase;
			buildActionMask = 2147483647;
			files = (
			);
			runOnlyForDeploymentPostprocessing = 0;
		};
/* End PBXFrameworksBuildPhase section */

/* Begin PBXGroup section */
		81B452102073A190006CF6B6 = {
			isa = PBXGroup;
			children = (
				DF32D1FB22AFDB0B0072D026 /* Appgain-Rich.podspec */,
				DF6A39F1219488EF0096F48B /* Appgain.podspec */,
				81B4521B2073A190006CF6B6 /* AppgainSDK */,
				81B4521A2073A190006CF6B6 /* Products */,
			);
			sourceTree = "<group>";
		};
		81B4521A2073A190006CF6B6 /* Products */ = {
			isa = PBXGroup;
			children = (
				81B452192073A190006CF6B6 /* AppgainSDK.app */,
			);
			name = Products;
			sourceTree = "<group>";
		};
		81B4521B2073A190006CF6B6 /* AppgainSDK */ = {
			isa = PBXGroup;
			children = (
				DF1E6DFA22F0867500C191CA /* Appgain.h */,
				DF1E6DF922F0867500C191CA /* Appgain.m */,
				DF1E6DF622F0867500C191CA /* DataModels.h */,
				DF1E6DFB22F0867500C191CA /* MobileLandingPage.h */,
				DF1E6DF722F0867500C191CA /* MobileLandingPage.m */,
				DF1E6DF522F0867500C191CA /* MobileLandingPageButton.h */,
				DF1E6DF422F0867500C191CA /* MobileLandingPageButton.m */,
				DF6958C02417009D00B0AE38 /* LocationManger.h */,
				DF6958BF2417009D00B0AE38 /* LocationManger.m */,
				DF1E6DFC22F0867500C191CA /* PurchaseItem.h */,
				DF1E6DF822F0867500C191CA /* PurchaseItem.m */,
				DFFF36F522DE1E390071DF0B /* Info.plist */,
				DF32D1F722AFD3A10072D026 /* Appgain-rich */,
				81B452452073A328006CF6B6 /* NotificationStatus.h */,
				81B452362073A325006CF6B6 /* NotificationStatus.m */,
				81B452432073A327006CF6B6 /* SdkKeys.h */,
				81B4523D2073A326006CF6B6 /* SdkKeys.m */,
				81B452462073A328006CF6B6 /* ServiceLayer.h */,
				81B4523F2073A327006CF6B6 /* ServiceLayer.m */,
				81B452472073A328006CF6B6 /* SmartDeepLink.h */,
				81B452332073A325006CF6B6 /* SmartDeepLink.m */,
				81B452352073A325006CF6B6 /* SocialmediaSettings.h */,
				81B4523A2073A326006CF6B6 /* SocialmediaSettings.m */,
				81B452372073A325006CF6B6 /* TargetPlatform.h */,
				81B4523B2073A326006CF6B6 /* TargetPlatform.m */,
				81B452382073A325006CF6B6 /* UrlData.h */,
				81B452412073A327006CF6B6 /* UrlData.m */,
				DF18D3C122F5C2A6005DC333 /* NotificationType.h */,
				DF18D3C222F5C2A6005DC333 /* NotificationType.m */,
			);
			path = AppgainSDK;
			sourceTree = "<group>";
		};
		DF32D1F722AFD3A10072D026 /* Appgain-rich */ = {
			isa = PBXGroup;
			children = (
				DFE4DCFD22AC209C00C06CC7 /* AppgainRich.h */,
				DFE4DCFC22AC209C00C06CC7 /* AppgainRich.m */,
			);
			path = "Appgain-rich";
			sourceTree = "<group>";
		};
/* End PBXGroup section */

/* Begin PBXNativeTarget section */
		81B452182073A190006CF6B6 /* AppgainSDK */ = {
			isa = PBXNativeTarget;
			buildConfigurationList = 81B4522F2073A190006CF6B6 /* Build configuration list for PBXNativeTarget "AppgainSDK" */;
			buildPhases = (
				81B452152073A190006CF6B6 /* Sources */,
				81B452162073A190006CF6B6 /* Frameworks */,
				81B452172073A190006CF6B6 /* Resources */,
			);
			buildRules = (
			);
			dependencies = (
			);
			name = AppgainSDK;
			productName = AppgainSDK;
			productReference = 81B452192073A190006CF6B6 /* AppgainSDK.app */;
			productType = "com.apple.product-type.application";
		};
/* End PBXNativeTarget section */

/* Begin PBXProject section */
		81B452112073A190006CF6B6 /* Project object */ = {
			isa = PBXProject;
			attributes = {
				LastUpgradeCheck = 0900;
				ORGANIZATIONNAME = "Ragaie alfy";
				TargetAttributes = {
					81B452182073A190006CF6B6 = {
						CreatedOnToolsVersion = 9.0;
						ProvisioningStyle = Automatic;
					};
				};
			};
			buildConfigurationList = 81B452142073A190006CF6B6 /* Build configuration list for PBXProject "AppgainSDK" */;
			compatibilityVersion = "Xcode 8.0";
			developmentRegion = en;
			hasScannedForEncodings = 0;
			knownRegions = (
				en,
				Base,
			);
			mainGroup = 81B452102073A190006CF6B6;
			productRefGroup = 81B4521A2073A190006CF6B6 /* Products */;
			projectDirPath = "";
			projectRoot = "";
			targets = (
				81B452182073A190006CF6B6 /* AppgainSDK */,
			);
		};
/* End PBXProject section */

/* Begin PBXResourcesBuildPhase section */
		81B452172073A190006CF6B6 /* Resources */ = {
			isa = PBXResourcesBuildPhase;
			buildActionMask = 2147483647;
			files = (
				DFFF36F622DE1E390071DF0B /* Info.plist in Resources */,
			);
			runOnlyForDeploymentPostprocessing = 0;
		};
/* End PBXResourcesBuildPhase section */

/* Begin PBXSourcesBuildPhase section */
		81B452152073A190006CF6B6 /* Sources */ = {
			isa = PBXSourcesBuildPhase;
			buildActionMask = 2147483647;
			files = (
				DF1E6E0022F0867500C191CA /* Appgain.m in Sources */,
				DF18D3C322F5C2A6005DC333 /* NotificationType.m in Sources */,
				DF1E6DFE22F0867500C191CA /* MobileLandingPage.m in Sources */,
				DF1E6DFD22F0867500C191CA /* MobileLandingPageButton.m in Sources */,
				DF6958C12417009D00B0AE38 /* LocationManger.m in Sources */,
				DF1E6DFF22F0867500C191CA /* PurchaseItem.m in Sources */,
			);
			runOnlyForDeploymentPostprocessing = 0;
		};
/* End PBXSourcesBuildPhase section */

/* Begin XCBuildConfiguration section */
		81B4522D2073A190006CF6B6 /* Debug */ = {
			isa = XCBuildConfiguration;
			buildSettings = {
				ALWAYS_SEARCH_USER_PATHS = NO;
				CLANG_ANALYZER_NONNULL = YES;
				CLANG_ANALYZER_NUMBER_OBJECT_CONVERSION = YES_AGGRESSIVE;
				CLANG_CXX_LANGUAGE_STANDARD = "gnu++14";
				CLANG_CXX_LIBRARY = "libc++";
				CLANG_ENABLE_MODULES = YES;
				CLANG_ENABLE_OBJC_ARC = YES;
				CLANG_WARN_BLOCK_CAPTURE_AUTORELEASING = YES;
				CLANG_WARN_BOOL_CONVERSION = YES;
				CLANG_WARN_COMMA = YES;
				CLANG_WARN_CONSTANT_CONVERSION = YES;
				CLANG_WARN_DIRECT_OBJC_ISA_USAGE = YES_ERROR;
				CLANG_WARN_DOCUMENTATION_COMMENTS = YES;
				CLANG_WARN_EMPTY_BODY = YES;
				CLANG_WARN_ENUM_CONVERSION = YES;
				CLANG_WARN_INFINITE_RECURSION = YES;
				CLANG_WARN_INT_CONVERSION = YES;
				CLANG_WARN_NON_LITERAL_NULL_CONVERSION = YES;
				CLANG_WARN_OBJC_LITERAL_CONVERSION = YES;
				CLANG_WARN_OBJC_ROOT_CLASS = YES_ERROR;
				CLANG_WARN_RANGE_LOOP_ANALYSIS = YES;
				CLANG_WARN_STRICT_PROTOTYPES = YES;
				CLANG_WARN_SUSPICIOUS_MOVE = YES;
				CLANG_WARN_UNGUARDED_AVAILABILITY = YES_AGGRESSIVE;
				CLANG_WARN_UNREACHABLE_CODE = YES;
				CLANG_WARN__DUPLICATE_METHOD_MATCH = YES;
				CODE_SIGN_IDENTITY = "iPhone Developer";
				COPY_PHASE_STRIP = NO;
				DEBUG_INFORMATION_FORMAT = dwarf;
				ENABLE_STRICT_OBJC_MSGSEND = YES;
				ENABLE_TESTABILITY = YES;
				GCC_C_LANGUAGE_STANDARD = gnu11;
				GCC_DYNAMIC_NO_PIC = NO;
				GCC_NO_COMMON_BLOCKS = YES;
				GCC_OPTIMIZATION_LEVEL = 0;
				GCC_PREPROCESSOR_DEFINITIONS = (
					"DEBUG=1",
					"$(inherited)",
				);
				GCC_WARN_64_TO_32_BIT_CONVERSION = YES;
				GCC_WARN_ABOUT_RETURN_TYPE = YES_ERROR;
				GCC_WARN_UNDECLARED_SELECTOR = YES;
				GCC_WARN_UNINITIALIZED_AUTOS = YES_AGGRESSIVE;
				GCC_WARN_UNUSED_FUNCTION = YES;
				GCC_WARN_UNUSED_VARIABLE = YES;
				IPHONEOS_DEPLOYMENT_TARGET = 11.0;
				MTL_ENABLE_DEBUG_INFO = YES;
				ONLY_ACTIVE_ARCH = YES;
				SDKROOT = iphoneos;
			};
			name = Debug;
		};
		81B4522E2073A190006CF6B6 /* Release */ = {
			isa = XCBuildConfiguration;
			buildSettings = {
				ALWAYS_SEARCH_USER_PATHS = NO;
				CLANG_ANALYZER_NONNULL = YES;
				CLANG_ANALYZER_NUMBER_OBJECT_CONVERSION = YES_AGGRESSIVE;
				CLANG_CXX_LANGUAGE_STANDARD = "gnu++14";
				CLANG_CXX_LIBRARY = "libc++";
				CLANG_ENABLE_MODULES = YES;
				CLANG_ENABLE_OBJC_ARC = YES;
				CLANG_WARN_BLOCK_CAPTURE_AUTORELEASING = YES;
				CLANG_WARN_BOOL_CONVERSION = YES;
				CLANG_WARN_COMMA = YES;
				CLANG_WARN_CONSTANT_CONVERSION = YES;
				CLANG_WARN_DIRECT_OBJC_ISA_USAGE = YES_ERROR;
				CLANG_WARN_DOCUMENTATION_COMMENTS = YES;
				CLANG_WARN_EMPTY_BODY = YES;
				CLANG_WARN_ENUM_CONVERSION = YES;
				CLANG_WARN_INFINITE_RECURSION = YES;
				CLANG_WARN_INT_CONVERSION = YES;
				CLANG_WARN_NON_LITERAL_NULL_CONVERSION = YES;
				CLANG_WARN_OBJC_LITERAL_CONVERSION = YES;
				CLANG_WARN_OBJC_ROOT_CLASS = YES_ERROR;
				CLANG_WARN_RANGE_LOOP_ANALYSIS = YES;
				CLANG_WARN_STRICT_PROTOTYPES = YES;
				CLANG_WARN_SUSPICIOUS_MOVE = YES;
				CLANG_WARN_UNGUARDED_AVAILABILITY = YES_AGGRESSIVE;
				CLANG_WARN_UNREACHABLE_CODE = YES;
				CLANG_WARN__DUPLICATE_METHOD_MATCH = YES;
				CODE_SIGN_IDENTITY = "iPhone Developer";
				COPY_PHASE_STRIP = NO;
				DEBUG_INFORMATION_FORMAT = "dwarf-with-dsym";
				ENABLE_NS_ASSERTIONS = NO;
				ENABLE_STRICT_OBJC_MSGSEND = YES;
				GCC_C_LANGUAGE_STANDARD = gnu11;
				GCC_NO_COMMON_BLOCKS = YES;
				GCC_WARN_64_TO_32_BIT_CONVERSION = YES;
				GCC_WARN_ABOUT_RETURN_TYPE = YES_ERROR;
				GCC_WARN_UNDECLARED_SELECTOR = YES;
				GCC_WARN_UNINITIALIZED_AUTOS = YES_AGGRESSIVE;
				GCC_WARN_UNUSED_FUNCTION = YES;
				GCC_WARN_UNUSED_VARIABLE = YES;
				IPHONEOS_DEPLOYMENT_TARGET = 11.0;
				MTL_ENABLE_DEBUG_INFO = NO;
				SDKROOT = iphoneos;
				VALIDATE_PRODUCT = YES;
			};
			name = Release;
		};
		81B452302073A190006CF6B6 /* Debug */ = {
			isa = XCBuildConfiguration;
			buildSettings = {
				ASSETCATALOG_COMPILER_APPICON_NAME = AppIcon;
				CODE_SIGN_STYLE = Automatic;
				DEVELOPMENT_TEAM = YG9FTG932R;
				FRAMEWORK_SEARCH_PATHS = (
					"$(inherited)",
					"$(PROJECT_DIR)",
				);
				INFOPLIST_FILE = AppgainSDK/Info.plist;
				LD_RUNPATH_SEARCH_PATHS = "$(inherited) @executable_path/Frameworks";
				PRODUCT_BUNDLE_IDENTIFIER = "------------";
				PRODUCT_NAME = "$(TARGET_NAME)";
				TARGETED_DEVICE_FAMILY = "1,2";
			};
			name = Debug;
		};
		81B452312073A190006CF6B6 /* Release */ = {
			isa = XCBuildConfiguration;
			buildSettings = {
				ASSETCATALOG_COMPILER_APPICON_NAME = AppIcon;
				CODE_SIGN_STYLE = Automatic;
				DEVELOPMENT_TEAM = YG9FTG932R;
				FRAMEWORK_SEARCH_PATHS = (
					"$(inherited)",
					"$(PROJECT_DIR)",
				);
				INFOPLIST_FILE = AppgainSDK/Info.plist;
				LD_RUNPATH_SEARCH_PATHS = "$(inherited) @executable_path/Frameworks";
				PRODUCT_BUNDLE_IDENTIFIER = "------------";
				PRODUCT_NAME = "$(TARGET_NAME)";
				TARGETED_DEVICE_FAMILY = "1,2";
			};
			name = Release;
		};
/* End XCBuildConfiguration section */

/* Begin XCConfigurationList section */
		81B452142073A190006CF6B6 /* Build configuration list for PBXProject "AppgainSDK" */ = {
			isa = XCConfigurationList;
			buildConfigurations = (
				81B4522D2073A190006CF6B6 /* Debug */,
				81B4522E2073A190006CF6B6 /* Release */,
			);
			defaultConfigurationIsVisible = 0;
			defaultConfigurationName = Release;
		};
		81B4522F2073A190006CF6B6 /* Build configuration list for PBXNativeTarget "AppgainSDK" */ = {
			isa = XCConfigurationList;
			buildConfigurations = (
				81B452302073A190006CF6B6 /* Debug */,
				81B452312073A190006CF6B6 /* Release */,
			);
			defaultConfigurationIsVisible = 0;
			defaultConfigurationName = Release;
		};
/* End XCConfigurationList section */
	};
	rootObject = 81B452112073A190006CF6B6 /* Project object */;
}
